
Microsoft Visual Studio Solution File, Format Version 12.00
# Visual Studio 15
VisualStudioVersion = 15.0.28010.2016
MinimumVisualStudioVersion = 10.0.40219.1
Project("{FAE04EC0-301F-11D3-BF4B-00C04F79EFBC}") = "Quote(codeFirst)", "Quote(codeFirst)\Quote(codeFirst).csproj", "{AA50BB9E-1F19-4C79-8292-3E88A34FF75B}"
EndProject
Global
	GlobalSection(SolutionConfigurationPlatforms) = preSolution
		Debug|Any CPU = Debug|Any CPU
		Release|Any CPU = Release|Any CPU
	EndGlobalSection
	GlobalSection(ProjectConfigurationPlatforms) = postSolution
		{AA50BB9E-1F19-4C79-8292-3E88A34FF75B}.Debug|Any CPU.ActiveCfg = Debug|Any CPU
		{AA50BB9E-1F19-4C79-8292-3E88A34FF75B}.Debug|Any CPU.Build.0 = Debug|Any CPU
		{AA50BB9E-1F19-4C79-8292-3E88A34FF75B}.Release|Any CPU.ActiveCfg = Release|Any CPU
		{AA50BB9E-1F19-4C79-8292-3E88A34FF75B}.Release|Any CPU.Build.0 = Release|Any CPU
	EndGlobalSection
	GlobalSection(SolutionProperties) = preSolution
		HideSolutionNode = FALSE
	EndGlobalSection
	GlobalSection(ExtensibilityGlobals) = postSolution
		SolutionGuid = {AD1DDD4F-BCA0-406F-B8AA-BC28F5CBA3C2}
	EndGlobalSection
EndGlobal
